
Microsoft Visual Studio Solution File, Format Version 12.00
# Visual Studio Version 17
VisualStudioVersion = 17.11.35327.3
MinimumVisualStudioVersion = 10.0.40219.1
Project("{8BC9CEB8-8B4A-11D0-8D11-00A0C91BC942}") = "Project18", "Project18.vcxproj", "{4F0BCCEC-A086-465A-9B8E-8B599161FBBC}"
EndProject
Global
	GlobalSection(SolutionConfigurationPlatforms) = preSolution
		Debug|x64 = Debug|x64
		Debug|x86 = Debug|x86
		Release|x64 = Release|x64
		Release|x86 = Release|x86
	EndGlobalSection
	GlobalSection(ProjectConfigurationPlatforms) = postSolution
		{4F0BCCEC-A086-465A-9B8E-8B599161FBBC}.Debug|x64.ActiveCfg = Debug|x64
		{4F0BCCEC-A086-465A-9B8E-8B599161FBBC}.Debug|x64.Build.0 = Debug|x64
		{4F0BCCEC-A086-465A-9B8E-8B599161FBBC}.Debug|x86.ActiveCfg = Debug|Win32
		{4F0BCCEC-A086-465A-9B8E-8B599161FBBC}.Debug|x86.Build.0 = Debug|Win32
		{4F0BCCEC-A086-465A-9B8E-8B599161FBBC}.Release|x64.ActiveCfg = Release|x64
		{4F0BCCEC-A086-465A-9B8E-8B599161FBBC}.Release|x64.Build.0 = Release|x64
		{4F0BCCEC-A086-465A-9B8E-8B599161FBBC}.Release|x86.ActiveCfg = Release|Win32
		{4F0BCCEC-A086-465A-9B8E-8B599161FBBC}.Release|x86.Build.0 = Release|Win32
	EndGlobalSection
	GlobalSection(SolutionProperties) = preSolution
		HideSolutionNode = FALSE
	EndGlobalSection
	GlobalSection(ExtensibilityGlobals) = postSolution
		SolutionGuid = {DC1C099F-8EFB-465F-A57A-922A366A8EDC}
	EndGlobalSection
EndGlobal
